
Microsoft Visual Studio Solution File, Format Version 12.00
# Visual Studio Version 17
VisualStudioVersion = 17.3.32825.248
MinimumVisualStudioVersion = 10.0.40219.1
Project("{8BC9CEB8-8B4A-11D0-8D11-00A0C91BC942}") = "Graded-8_11", "Graded-8_11\Graded-8_11.vcxproj", "{EDD45B01-99C6-4646-A355-AE5A80A8FAB5}"
EndProject
Project("{8BC9CEB8-8B4A-11D0-8D11-00A0C91BC942}") = "Graded-4_7", "Graded-4_7\Graded-4_7.vcxproj", "{E5903B96-9741-4A3F-ACFA-80C11C09AFA7}"
EndProject
Global
	GlobalSection(SolutionConfigurationPlatforms) = preSolution
		Debug|x64 = Debug|x64
		Debug|x86 = Debug|x86
		Release|x64 = Release|x64
		Release|x86 = Release|x86
	EndGlobalSection
	GlobalSection(ProjectConfigurationPlatforms) = postSolution
		{EDD45B01-99C6-4646-A355-AE5A80A8FAB5}.Debug|x64.ActiveCfg = Debug|x64
		{EDD45B01-99C6-4646-A355-AE5A80A8FAB5}.Debug|x64.Build.0 = Debug|x64
		{EDD45B01-99C6-4646-A355-AE5A80A8FAB5}.Debug|x86.ActiveCfg = Debug|Win32
		{EDD45B01-99C6-4646-A355-AE5A80A8FAB5}.Debug|x86.Build.0 = Debug|Win32
		{EDD45B01-99C6-4646-A355-AE5A80A8FAB5}.Release|x64.ActiveCfg = Release|x64
		{EDD45B01-99C6-4646-A355-AE5A80A8FAB5}.Release|x64.Build.0 = Release|x64
		{EDD45B01-99C6-4646-A355-AE5A80A8FAB5}.Release|x86.ActiveCfg = Release|Win32
		{EDD45B01-99C6-4646-A355-AE5A80A8FAB5}.Release|x86.Build.0 = Release|Win32
		{E5903B96-9741-4A3F-ACFA-80C11C09AFA7}.Debug|x64.ActiveCfg = Debug|x64
		{E5903B96-9741-4A3F-ACFA-80C11C09AFA7}.Debug|x64.Build.0 = Debug|x64
		{E5903B96-9741-4A3F-ACFA-80C11C09AFA7}.Debug|x86.ActiveCfg = Debug|Win32
		{E5903B96-9741-4A3F-ACFA-80C11C09AFA7}.Debug|x86.Build.0 = Debug|Win32
		{E5903B96-9741-4A3F-ACFA-80C11C09AFA7}.Release|x64.ActiveCfg = Release|x64
		{E5903B96-9741-4A3F-ACFA-80C11C09AFA7}.Release|x64.Build.0 = Release|x64
		{E5903B96-9741-4A3F-ACFA-80C11C09AFA7}.Release|x86.ActiveCfg = Release|Win32
		{E5903B96-9741-4A3F-ACFA-80C11C09AFA7}.Release|x86.Build.0 = Release|Win32
	EndGlobalSection
	GlobalSection(SolutionProperties) = preSolution
		HideSolutionNode = FALSE
	EndGlobalSection
	GlobalSection(ExtensibilityGlobals) = postSolution
		SolutionGuid = {D01856EE-918A-4B3C-8EA3-AEB0BC58FC4D}
	EndGlobalSection
EndGlobal
